PODS:
  - Alamofire (5.2.2)
  - SwiftyXMLParser (5.1.0)

DEPENDENCIES:
  - Alamofire (~> 5.2)
  - SwiftyXMLParser (from `https://github.com/yahoojapan/SwiftyXMLParser.git`)

SPEC REPOS:
  trunk:
    - Alamofire

EXTERNAL SOURCES:
  SwiftyXMLParser:
    :git: https://github.com/yahoojapan/SwiftyXMLParser.git

CHECKOUT OPTIONS:
  SwiftyXMLParser:
    :commit: ec6c1b66f295020dfa89b81299a573d4ed858f15
    :git: https://github.com/yahoojapan/SwiftyXMLParser.git

SPEC CHECKSUMS:
  Alamofire: 814429acc853c6c54ff123fc3d2ef66803823ce0
  SwiftyXMLParser: c39a7854b7d32e447e19d0fabdd98696fe26f03a

PODFILE CHECKSUM: ee28308ea8132bb59f4272b6e7e6e73d0e2bfe75

COCOAPODS: 1.9.3
